
Microsoft Visual Studio Solution File, Format Version 12.00
# Visual Studio Version 16
VisualStudioVersion = 25.0.1706.12
MinimumVisualStudioVersion = 10.0.40219.1
Project("{FAE04EC0-301F-11D3-BF4B-00C04F79EFBC}") = "MauiReactJSHybridApp", "MauiReactJSHybridApp.csproj", "{839338BE-363A-451D-B3BE-A5696305281F}"
EndProject
Global
	GlobalSection(SolutionConfigurationPlatforms) = preSolution
		Debug|Any CPU = Debug|Any CPU
		Release|Any CPU = Release|Any CPU
	EndGlobalSection
	GlobalSection(ProjectConfigurationPlatforms) = postSolution
		{839338BE-363A-451D-B3BE-A5696305281F}.Debug|Any CPU.ActiveCfg = Debug|Any CPU
		{839338BE-363A-451D-B3BE-A5696305281F}.Debug|Any CPU.Build.0 = Debug|Any CPU
		{839338BE-363A-451D-B3BE-A5696305281F}.Release|Any CPU.ActiveCfg = Release|Any CPU
		{839338BE-363A-451D-B3BE-A5696305281F}.Release|Any CPU.Build.0 = Release|Any CPU
	EndGlobalSection
	GlobalSection(SolutionProperties) = preSolution
		HideSolutionNode = FALSE
	EndGlobalSection
	GlobalSection(ExtensibilityGlobals) = postSolution
		SolutionGuid = {FB9548BF-DF54-4586-A9F1-7B9523C49E98}
	EndGlobalSection
EndGlobal
