
Microsoft Visual Studio Solution File, Format Version 12.00
# Visual Studio Version 16
VisualStudioVersion = 25.0.1706.12
MinimumVisualStudioVersion = 10.0.40219.1
Project("{FAE04EC0-301F-11D3-BF4B-00C04F79EFBC}") = "HybridWebView", "HybridWebView.csproj", "{63F69526-775E-4858-B196-CB32A6BE7ED9}"
EndProject
Global
	GlobalSection(SolutionConfigurationPlatforms) = preSolution
		Debug|Any CPU = Debug|Any CPU
		Release|Any CPU = Release|Any CPU
	EndGlobalSection
	GlobalSection(ProjectConfigurationPlatforms) = postSolution
		{63F69526-775E-4858-B196-CB32A6BE7ED9}.Debug|Any CPU.ActiveCfg = Debug|Any CPU
		{63F69526-775E-4858-B196-CB32A6BE7ED9}.Debug|Any CPU.Build.0 = Debug|Any CPU
		{63F69526-775E-4858-B196-CB32A6BE7ED9}.Release|Any CPU.ActiveCfg = Release|Any CPU
		{63F69526-775E-4858-B196-CB32A6BE7ED9}.Release|Any CPU.Build.0 = Release|Any CPU
	EndGlobalSection
	GlobalSection(SolutionProperties) = preSolution
		HideSolutionNode = FALSE
	EndGlobalSection
	GlobalSection(ExtensibilityGlobals) = postSolution
		SolutionGuid = {7BBB6EBA-8C22-4FD4-ABFA-7D839C0136B0}
	EndGlobalSection
EndGlobal
